# This file is automatically @generated by Cargo.
# It is not intended for manual editing.
[[package]]
name = "anyhow"
version = "1.0.32"
source = "registry+https://github.com/rust-lang/crates.io-index"
checksum = "6b602bfe940d21c130f3895acd65221e8a61270debe89d628b9cb4e3ccb8569b"

[[package]]
name = "cc"
version = "1.0.60"
source = "registry+https://github.com/rust-lang/crates.io-index"
checksum = "ef611cc68ff783f18535d77ddd080185275713d852c4f5cbb6122c462a7a825c"

[[package]]
name = "cjdns_sys"
version = "0.1.0"
dependencies = [
 "anyhow",
 "cc",
 "sodiumoxide",
]

[[package]]
name = "cjdroute"
version = "0.1.0"
dependencies = [
 "cjdns_sys",
]

[[package]]
name = "libc"
version = "0.2.79"
source = "registry+https://github.com/rust-lang/crates.io-index"
checksum = "2448f6066e80e3bfc792e9c98bf705b4b0fc6e8ef5b43e5889aff0eaa9c58743"

[[package]]
name = "libsodium-sys"
version = "0.2.6"
source = "git+https://github.com/cjdelisle/sodiumoxide?branch=mingw32-build#c1581f06bb1d436124fc29baa653d0310232cd6d"
dependencies = [
 "cc",
 "libc",
 "pkg-config",
]

[[package]]
name = "makekeys"
version = "0.1.0"
dependencies = [
 "cjdns_sys",
]

[[package]]
name = "mkpasswd"
version = "0.1.0"
dependencies = [
 "cjdns_sys",
]

[[package]]
name = "pkg-config"
version = "0.3.18"
source = "registry+https://github.com/rust-lang/crates.io-index"
checksum = "d36492546b6af1463394d46f0c834346f31548646f6ba10849802c9c9a27ac33"

[[package]]
name = "privatetopublic"
version = "0.1.0"
dependencies = [
 "cjdns_sys",
]

[[package]]
name = "publictoip6"
version = "0.1.0"
dependencies = [
 "cjdns_sys",
]

[[package]]
name = "randombytes"
version = "0.1.0"
dependencies = [
 "cjdns_sys",
]

[[package]]
name = "sodiumoxide"
version = "0.2.6"
source = "git+https://github.com/cjdelisle/sodiumoxide?branch=mingw32-build#c1581f06bb1d436124fc29baa653d0310232cd6d"
dependencies = [
 "libc",
 "libsodium-sys",
]

[[package]]
name = "sybilsim"
version = "0.1.0"
dependencies = [
 "cjdns_sys",
]

[[package]]
name = "testcjdroute"
version = "0.1.0"
dependencies = [
 "cjdns_sys",
]
