# This file is automatically @generated by Cargo.
# It is not intended for manual editing.
[[package]]
name = "anyhow"
version = "1.0.32"
source = "registry+https://github.com/rust-lang/crates.io-index"
checksum = "6b602bfe940d21c130f3895acd65221e8a61270debe89d628b9cb4e3ccb8569b"

[[package]]
name = "cc"
version = "1.0.60"
source = "registry+https://github.com/rust-lang/crates.io-index"
checksum = "ef611cc68ff783f18535d77ddd080185275713d852c4f5cbb6122c462a7a825c"

[[package]]
name = "cjdns_sys"
version = "0.1.0"
dependencies = [
 "anyhow",
 "cc",
 "sodiumoxide",
]

[[package]]
name = "cjdroute"
version = "0.1.0"
dependencies = [
 "cjdns_sys",
 "sodiumoxide",
]

[[package]]
name = "libc"
version = "0.2.79"
source = "registry+https://github.com/rust-lang/crates.io-index"
checksum = "2448f6066e80e3bfc792e9c98bf705b4b0fc6e8ef5b43e5889aff0eaa9c58743"

[[package]]
name = "libsodium-sys"
version = "0.2.6"
source = "registry+https://github.com/rust-lang/crates.io-index"
checksum = "a685b64f837b339074115f2e7f7b431ac73681d08d75b389db7498b8892b8a58"
dependencies = [
 "cc",
 "libc",
 "pkg-config",
]

[[package]]
name = "makekeys"
version = "0.1.0"
dependencies = [
 "cjdns_sys",
 "sodiumoxide",
]

[[package]]
name = "mkpasswd"
version = "0.1.0"
dependencies = [
 "cjdns_sys",
 "sodiumoxide",
]

[[package]]
name = "pkg-config"
version = "0.3.18"
source = "registry+https://github.com/rust-lang/crates.io-index"
checksum = "d36492546b6af1463394d46f0c834346f31548646f6ba10849802c9c9a27ac33"

[[package]]
name = "privatetopublic"
version = "0.1.0"
dependencies = [
 "cjdns_sys",
 "sodiumoxide",
]

[[package]]
name = "publictoip6"
version = "0.1.0"
dependencies = [
 "cjdns_sys",
 "sodiumoxide",
]

[[package]]
name = "randombytes"
version = "0.1.0"
dependencies = [
 "cjdns_sys",
 "sodiumoxide",
]

[[package]]
name = "serde"
version = "1.0.116"
source = "registry+https://github.com/rust-lang/crates.io-index"
checksum = "96fe57af81d28386a513cbc6858332abc6117cfdb5999647c6444b8f43a370a5"

[[package]]
name = "sodiumoxide"
version = "0.2.6"
source = "registry+https://github.com/rust-lang/crates.io-index"
checksum = "7038b67c941e23501573cb7242ffb08709abe9b11eb74bceff875bbda024a6a8"
dependencies = [
 "libc",
 "libsodium-sys",
 "serde",
]

[[package]]
name = "sybilsim"
version = "0.1.0"
dependencies = [
 "cjdns_sys",
 "sodiumoxide",
]

[[package]]
name = "testcjdroute"
version = "0.1.0"
dependencies = [
 "cjdns_sys",
 "sodiumoxide",
]
