{
    "name": "cjdns",
    "version": "0.17.3",
    "lockfileVersion": 1,
    "requires": true,
    "dependencies": {
        "nthen": {
            "version": "0.2.1",
            "resolved": "https://registry.npmjs.org/nthen/-/nthen-0.2.1.tgz",
            "integrity": "sha512-QW3p6gxOaHHLFM+2HcytugGUiji4pNpLkNAtPQi2gX2+hSmndnNSDYbDSUdIEy7vGJ+LkocZ3EvgwxeKfToZGg=="
        },
        "saferphore": {
            "version": "0.0.2",
            "resolved": "https://registry.npmjs.org/saferphore/-/saferphore-0.0.2.tgz",
            "integrity": "sha512-gjdCGXxrSKi1oSWJH0vx99WtB2wkjbXPQf6ALHEskLo0e4Vgd57txhracaeLlPt2r4rUiJBe+thriuxS85q7JA=="
        }
    }
}
